{
	"requires": true,
	"lockfileVersion": 1,
	"dependencies": {
		"tlds": {
			"version": "1.216.0",
			"resolved": "https://registry.npmjs.org/tlds/-/tlds-1.216.0.tgz",
			"integrity": "sha512-y9A+eMRKLdAOclcFRTk3durpvCWiEdWcQhCOopCO654pckH9+o5Z5VgBsTTAFqtyxB8yFRXSG1q7BCCeHyrm0w=="
		},
		"uc.micro": {
			"version": "1.0.6",
			"resolved": "https://registry.npmjs.org/uc.micro/-/uc.micro-1.0.6.tgz",
			"integrity": "sha512-8Y75pvTYkLJW2hWQHXxoqRgV7qb9B+9vFEtidML+7koHUFapnVJAZ6cKs+Qjz5Aw3aZWHMC6u0wJE3At+nSGwA=="
		}
	}
}
