{
	"requires": true,
	"lockfileVersion": 1,
	"dependencies": {
		"body-scroll-lock": {
			"version": "3.1.5",
			"resolved": "https://registry.npmjs.org/body-scroll-lock/-/body-scroll-lock-3.1.5.tgz",
			"integrity": "sha512-Yi1Xaml0EvNA0OYWxXiYNqY24AfWkbA6w5vxE7GWxtKfzIbZM+Qw+aSmkgsbWzbHiy/RCSkUZBplVxTA+E4jJg=="
		},
		"classnames": {
			"version": "2.2.6",
			"resolved": "https://registry.npmjs.org/classnames/-/classnames-2.2.6.tgz",
			"integrity": "sha512-JR/iSQOSt+LQIWwrwEzJ9uk0xfN3mTVYMwt1Ir5mUcSN6pU+V4zQFFaJsclJbPuAUQH+yfWef6tm7l1quW3C8Q=="
		},
		"disqus-react": {
			"version": "1.0.10",
			"resolved": "https://registry.npmjs.org/disqus-react/-/disqus-react-1.0.10.tgz",
			"integrity": "sha512-TFd+pSl9m9QpqGcNAmewH/V795I9ObJMcEbLCIyPBy1VvUUl8DUoP+OiWhx24UjRygfV8y6saZVTBJRNYGJvkQ=="
		},
		"linkify-it": {
			"version": "2.2.0",
			"resolved": "https://registry.npmjs.org/linkify-it/-/linkify-it-2.2.0.tgz",
			"integrity": "sha512-GnAl/knGn+i1U/wjBz3akz2stz+HrHLsxMwHQGofCDfPvlf+gDKN58UtfmUquTY4/MXeE2x7k19KQmeoZi94Iw==",
			"requires": {
				"uc.micro": "^1.0.1"
			}
		},
		"react-lines-ellipsis": {
			"version": "0.14.1",
			"resolved": "https://registry.npmjs.org/react-lines-ellipsis/-/react-lines-ellipsis-0.14.1.tgz",
			"integrity": "sha512-4nEDEzzfXy2bqRhLc00DWYb39FKIpGqaIIh/YT3KdHyM9pqD8cSfDSCdGy657sB12alCdT7cKK48Uk0OsRMvHQ=="
		},
		"react-linkify": {
			"version": "1.0.0-alpha",
			"resolved": "https://registry.npmjs.org/react-linkify/-/react-linkify-1.0.0-alpha.tgz",
			"integrity": "sha512-7gcIUvJkAXXttt1fmBK9cwn+1jTa4hbKLGCZ9J1U6EOkyb2/+LKL1Z28d9rtDLMnpvImlNlLPdTPooorl5cpmg==",
			"requires": {
				"linkify-it": "^2.0.3",
				"tlds": "^1.199.0"
			}
		},
		"react-responsive-modal": {
			"version": "6.0.0",
			"resolved": "https://registry.npmjs.org/react-responsive-modal/-/react-responsive-modal-6.0.0.tgz",
			"integrity": "sha512-Ekzn8fzI9E6kZDkr0hVA6FSXvneAxin/o8mnPlrM4V8V2Sugs5NtGHD+AR02O36kixzjNENdZPMwKr73OAivcA==",
			"requires": {
				"body-scroll-lock": "^3.1.5",
				"classnames": "^2.2.6"
			}
		},
		"tlds": {
			"version": "1.216.0",
			"resolved": "https://registry.npmjs.org/tlds/-/tlds-1.216.0.tgz",
			"integrity": "sha512-y9A+eMRKLdAOclcFRTk3durpvCWiEdWcQhCOopCO654pckH9+o5Z5VgBsTTAFqtyxB8yFRXSG1q7BCCeHyrm0w=="
		},
		"uc.micro": {
			"version": "1.0.6",
			"resolved": "https://registry.npmjs.org/uc.micro/-/uc.micro-1.0.6.tgz",
			"integrity": "sha512-8Y75pvTYkLJW2hWQHXxoqRgV7qb9B+9vFEtidML+7koHUFapnVJAZ6cKs+Qjz5Aw3aZWHMC6u0wJE3At+nSGwA=="
		}
	}
}
