{
  "requires": true,
  "lockfileVersion": 1,
  "dependencies": {
    "body-scroll-lock": {
      "version": "3.1.5",
      "resolved": "https://registry.npmjs.org/body-scroll-lock/-/body-scroll-lock-3.1.5.tgz",
      "integrity": "sha512-Yi1Xaml0EvNA0OYWxXiYNqY24AfWkbA6w5vxE7GWxtKfzIbZM+Qw+aSmkgsbWzbHiy/RCSkUZBplVxTA+E4jJg=="
    },
    "classnames": {
      "version": "2.2.6",
      "resolved": "https://registry.npmjs.org/classnames/-/classnames-2.2.6.tgz",
      "integrity": "sha512-JR/iSQOSt+LQIWwrwEzJ9uk0xfN3mTVYMwt1Ir5mUcSN6pU+V4zQFFaJsclJbPuAUQH+yfWef6tm7l1quW3C8Q=="
    },
    "disqus-react": {
      "version": "1.0.10",
      "resolved": "https://registry.npmjs.org/disqus-react/-/disqus-react-1.0.10.tgz",
      "integrity": "sha512-TFd+pSl9m9QpqGcNAmewH/V795I9ObJMcEbLCIyPBy1VvUUl8DUoP+OiWhx24UjRygfV8y6saZVTBJRNYGJvkQ=="
    },
    "react-lines-ellipsis": {
      "version": "0.14.1",
      "resolved": "https://registry.npmjs.org/react-lines-ellipsis/-/react-lines-ellipsis-0.14.1.tgz",
      "integrity": "sha512-4nEDEzzfXy2bqRhLc00DWYb39FKIpGqaIIh/YT3KdHyM9pqD8cSfDSCdGy657sB12alCdT7cKK48Uk0OsRMvHQ=="
    },
    "react-responsive-modal": {
      "version": "6.0.0",
      "resolved": "https://registry.npmjs.org/react-responsive-modal/-/react-responsive-modal-6.0.0.tgz",
      "integrity": "sha512-Ekzn8fzI9E6kZDkr0hVA6FSXvneAxin/o8mnPlrM4V8V2Sugs5NtGHD+AR02O36kixzjNENdZPMwKr73OAivcA==",
      "requires": {
        "body-scroll-lock": "^3.1.5",
        "classnames": "^2.2.6"
      }
    }
  }
}
